
Microsoft Visual Studio Solution File, Format Version 12.00
# Visual Studio Version 16
VisualStudioVersion = 16.0.28809.33
MinimumVisualStudioVersion = 10.0.40219.1
Project("{FAE04EC0-301F-11D3-BF4B-00C04F79EFBC}") = "DiscordBot", "DiscordBot\DiscordBot.csproj", "{A6BBA398-6EDC-4189-BA26-4E394AF8A03B}"
EndProject
Global
	GlobalSection(SolutionConfigurationPlatforms) = preSolution
		Debug|Any CPU = Debug|Any CPU
		Release|Any CPU = Release|Any CPU
	EndGlobalSection
	GlobalSection(ProjectConfigurationPlatforms) = postSolution
		{A6BBA398-6EDC-4189-BA26-4E394AF8A03B}.Debug|Any CPU.ActiveCfg = Debug|Any CPU
		{A6BBA398-6EDC-4189-BA26-4E394AF8A03B}.Debug|Any CPU.Build.0 = Debug|Any CPU
		{A6BBA398-6EDC-4189-BA26-4E394AF8A03B}.Release|Any CPU.ActiveCfg = Release|Any CPU
		{A6BBA398-6EDC-4189-BA26-4E394AF8A03B}.Release|Any CPU.Build.0 = Release|Any CPU
	EndGlobalSection
	GlobalSection(SolutionProperties) = preSolution
		HideSolutionNode = FALSE
	EndGlobalSection
	GlobalSection(ExtensibilityGlobals) = postSolution
		SolutionGuid = {358E3439-8266-4246-89B8-31B0007F4DF7}
	EndGlobalSection
EndGlobal
